{
    "_readme": [
        "This file locks the dependencies of your project to a known state",
        "Read more about it at https://getcomposer.org/doc/01-basic-usage.md#composer-lock-the-lock-file",
        "This file is @generated automatically"
    ],
    "hash": "f898a3b2901542d79075bbb40011043e",
    "content-hash": "724d7ae4399109e9410242f3bf3c6683",
    "packages": [
        {
            "name": "piwik/ini",
            "version": "1.0.6",
            "source": {
                "type": "git",
                "url": "https://github.com/piwik/component-ini.git",
                "reference": "bd2711ba4d5e20e4ca09b6829dc2831576b59dc3"
            },
            "dist": {
                "type": "zip",
                "url": "https://api.github.com/repos/piwik/component-ini/zipball/bd2711ba4d5e20e4ca09b6829dc2831576b59dc3",
                "reference": "bd2711ba4d5e20e4ca09b6829dc2831576b59dc3",
                "shasum": ""
            },
            "require": {
                "php": ">=5.3.3"
            },
            "require-dev": {
                "athletic/athletic": "0.1.*",
                "phpunit/phpunit": "~4.0"
            },
            "type": "library",
            "autoload": {
                "psr-4": {
                    "Piwik\\Ini\\": "src/"
                }
            },
            "notification-url": "https://packagist.org/downloads/",
            "license": [
                "LGPL-3.0"
            ],
            "time": "2016-01-14 21:13:33"
        }
    ],
    "packages-dev": [],
    "aliases": [],
    "minimum-stability": "stable",
    "stability-flags": [],
    "prefer-stable": false,
    "prefer-lowest": false,
    "platform": [],
    "platform-dev": []
}
