{
    "_readme": [
        "This file locks the dependencies of your project to a known state",
        "Read more about it at https://getcomposer.org/doc/01-basic-usage.md#composer-lock-the-lock-file",
        "This file is @generated automatically"
    ],
    "content-hash": "56bc336fde0599878d8f1a6ad7e912f5",
    "packages": [
        {
            "name": "zoujingli/ip2region",
            "version": "v1.0.2",
            "source": {
                "type": "git",
                "url": "https://github.com/zoujingli/ip2region.git",
                "reference": "5d981fbf3b574bad7fe9652e7aecba0920f54325"
            },
            "dist": {
                "type": "zip",
                "url": "https://api.github.com/repos/zoujingli/ip2region/zipball/5d981fbf3b574bad7fe9652e7aecba0920f54325",
                "reference": "5d981fbf3b574bad7fe9652e7aecba0920f54325",
                "shasum": ""
            },
            "require": {
                "php": ">=5.3.3"
            },
            "type": "library",
            "autoload": {
                "classmap": [
                    "Ip2Region.php"
                ]
            },
            "notification-url": "https://packagist.org/downloads/",
            "license": [
                "Apache 2.0"
            ],
            "description": "Ip2Region",
            "homepage": "https://github.com/zoujingli/Ip2Region",
            "keywords": [
                "Ip2Region"
            ],
            "time": "2017-11-09T03:36:17+00:00"
        }
    ],
    "packages-dev": [],
    "aliases": [],
    "minimum-stability": "stable",
    "stability-flags": [],
    "prefer-stable": false,
    "prefer-lowest": false,
    "platform": [],
    "platform-dev": []
}
